
Microsoft Visual Studio Solution File, Format Version 12.00
# Visual Studio 15
VisualStudioVersion = 15.0.27130.2003
MinimumVisualStudioVersion = 10.0.40219.1
Project("{8BC9CEB8-8B4A-11D0-8D11-00A0C91BC942}") = "OpenCV_Strategy", "OpenCV_Strategy\OpenCV_Strategy.vcxproj", "{60105EDC-0442-4A05-9058-BB78DCA94F11}"
EndProject
Global
	GlobalSection(SolutionConfigurationPlatforms) = preSolution
		Debug|x64 = Debug|x64
		Debug|x86 = Debug|x86
		Release|x64 = Release|x64
		Release|x86 = Release|x86
	EndGlobalSection
	GlobalSection(ProjectConfigurationPlatforms) = postSolution
		{60105EDC-0442-4A05-9058-BB78DCA94F11}.Debug|x64.ActiveCfg = Debug|x64
		{60105EDC-0442-4A05-9058-BB78DCA94F11}.Debug|x64.Build.0 = Debug|x64
		{60105EDC-0442-4A05-9058-BB78DCA94F11}.Debug|x86.ActiveCfg = Debug|Win32
		{60105EDC-0442-4A05-9058-BB78DCA94F11}.Debug|x86.Build.0 = Debug|Win32
		{60105EDC-0442-4A05-9058-BB78DCA94F11}.Release|x64.ActiveCfg = Release|x64
		{60105EDC-0442-4A05-9058-BB78DCA94F11}.Release|x64.Build.0 = Release|x64
		{60105EDC-0442-4A05-9058-BB78DCA94F11}.Release|x86.ActiveCfg = Release|Win32
		{60105EDC-0442-4A05-9058-BB78DCA94F11}.Release|x86.Build.0 = Release|Win32
	EndGlobalSection
	GlobalSection(SolutionProperties) = preSolution
		HideSolutionNode = FALSE
	EndGlobalSection
	GlobalSection(ExtensibilityGlobals) = postSolution
		SolutionGuid = {CDF3CFB5-CD7F-4AC9-9F50-9B6F97AF054B}
	EndGlobalSection
EndGlobal
