
Microsoft Visual Studio Solution File, Format Version 12.00
# Visual Studio 15
VisualStudioVersion = 15.0.27130.2010
MinimumVisualStudioVersion = 10.0.40219.1
Project("{8BC9CEB8-8B4A-11D0-8D11-00A0C91BC942}") = "ErodeAndDilate", "ErodeAndDilate\ErodeAndDilate.vcxproj", "{A98A9234-5E73-45D6-BF09-87798DCEBCF1}"
EndProject
Project("{8BC9CEB8-8B4A-11D0-8D11-00A0C91BC942}") = "开运算与闭运算", "开运算与闭运算\开运算与闭运算.vcxproj", "{B71A3B6C-CACE-44CD-AB6E-4F86375AE01C}"
EndProject
Project("{8BC9CEB8-8B4A-11D0-8D11-00A0C91BC942}") = "MorphoFeatures", "MorphoFeatures\MorphoFeatures.vcxproj", "{83C5CB98-5DB0-4DBD-A912-2384983B707A}"
EndProject
Project("{8BC9CEB8-8B4A-11D0-8D11-00A0C91BC942}") = "WatershedSegmenter", "WatershedSegmenter\WatershedSegmenter.vcxproj", "{20E09A0E-9B63-4F06-AF07-5F7E4B6C7902}"
EndProject
Project("{8BC9CEB8-8B4A-11D0-8D11-00A0C91BC942}") = "GrabCut", "GrabCut\GrabCut.vcxproj", "{6A08E482-B7F7-434E-B460-01735F7529F6}"
EndProject
Global
	GlobalSection(SolutionConfigurationPlatforms) = preSolution
		Debug|x64 = Debug|x64
		Debug|x86 = Debug|x86
		Release|x64 = Release|x64
		Release|x86 = Release|x86
	EndGlobalSection
	GlobalSection(ProjectConfigurationPlatforms) = postSolution
		{A98A9234-5E73-45D6-BF09-87798DCEBCF1}.Debug|x64.ActiveCfg = Debug|x64
		{A98A9234-5E73-45D6-BF09-87798DCEBCF1}.Debug|x64.Build.0 = Debug|x64
		{A98A9234-5E73-45D6-BF09-87798DCEBCF1}.Debug|x86.ActiveCfg = Debug|Win32
		{A98A9234-5E73-45D6-BF09-87798DCEBCF1}.Debug|x86.Build.0 = Debug|Win32
		{A98A9234-5E73-45D6-BF09-87798DCEBCF1}.Release|x64.ActiveCfg = Release|x64
		{A98A9234-5E73-45D6-BF09-87798DCEBCF1}.Release|x64.Build.0 = Release|x64
		{A98A9234-5E73-45D6-BF09-87798DCEBCF1}.Release|x86.ActiveCfg = Release|Win32
		{A98A9234-5E73-45D6-BF09-87798DCEBCF1}.Release|x86.Build.0 = Release|Win32
		{B71A3B6C-CACE-44CD-AB6E-4F86375AE01C}.Debug|x64.ActiveCfg = Debug|x64
		{B71A3B6C-CACE-44CD-AB6E-4F86375AE01C}.Debug|x64.Build.0 = Debug|x64
		{B71A3B6C-CACE-44CD-AB6E-4F86375AE01C}.Debug|x86.ActiveCfg = Debug|Win32
		{B71A3B6C-CACE-44CD-AB6E-4F86375AE01C}.Debug|x86.Build.0 = Debug|Win32
		{B71A3B6C-CACE-44CD-AB6E-4F86375AE01C}.Release|x64.ActiveCfg = Release|x64
		{B71A3B6C-CACE-44CD-AB6E-4F86375AE01C}.Release|x64.Build.0 = Release|x64
		{B71A3B6C-CACE-44CD-AB6E-4F86375AE01C}.Release|x86.ActiveCfg = Release|Win32
		{B71A3B6C-CACE-44CD-AB6E-4F86375AE01C}.Release|x86.Build.0 = Release|Win32
		{83C5CB98-5DB0-4DBD-A912-2384983B707A}.Debug|x64.ActiveCfg = Debug|x64
		{83C5CB98-5DB0-4DBD-A912-2384983B707A}.Debug|x64.Build.0 = Debug|x64
		{83C5CB98-5DB0-4DBD-A912-2384983B707A}.Debug|x86.ActiveCfg = Debug|Win32
		{83C5CB98-5DB0-4DBD-A912-2384983B707A}.Debug|x86.Build.0 = Debug|Win32
		{83C5CB98-5DB0-4DBD-A912-2384983B707A}.Release|x64.ActiveCfg = Release|x64
		{83C5CB98-5DB0-4DBD-A912-2384983B707A}.Release|x64.Build.0 = Release|x64
		{83C5CB98-5DB0-4DBD-A912-2384983B707A}.Release|x86.ActiveCfg = Release|Win32
		{83C5CB98-5DB0-4DBD-A912-2384983B707A}.Release|x86.Build.0 = Release|Win32
		{20E09A0E-9B63-4F06-AF07-5F7E4B6C7902}.Debug|x64.ActiveCfg = Debug|x64
		{20E09A0E-9B63-4F06-AF07-5F7E4B6C7902}.Debug|x64.Build.0 = Debug|x64
		{20E09A0E-9B63-4F06-AF07-5F7E4B6C7902}.Debug|x86.ActiveCfg = Debug|Win32
		{20E09A0E-9B63-4F06-AF07-5F7E4B6C7902}.Debug|x86.Build.0 = Debug|Win32
		{20E09A0E-9B63-4F06-AF07-5F7E4B6C7902}.Release|x64.ActiveCfg = Release|x64
		{20E09A0E-9B63-4F06-AF07-5F7E4B6C7902}.Release|x64.Build.0 = Release|x64
		{20E09A0E-9B63-4F06-AF07-5F7E4B6C7902}.Release|x86.ActiveCfg = Release|Win32
		{20E09A0E-9B63-4F06-AF07-5F7E4B6C7902}.Release|x86.Build.0 = Release|Win32
		{6A08E482-B7F7-434E-B460-01735F7529F6}.Debug|x64.ActiveCfg = Debug|x64
		{6A08E482-B7F7-434E-B460-01735F7529F6}.Debug|x64.Build.0 = Debug|x64
		{6A08E482-B7F7-434E-B460-01735F7529F6}.Debug|x86.ActiveCfg = Debug|Win32
		{6A08E482-B7F7-434E-B460-01735F7529F6}.Debug|x86.Build.0 = Debug|Win32
		{6A08E482-B7F7-434E-B460-01735F7529F6}.Release|x64.ActiveCfg = Release|x64
		{6A08E482-B7F7-434E-B460-01735F7529F6}.Release|x64.Build.0 = Release|x64
		{6A08E482-B7F7-434E-B460-01735F7529F6}.Release|x86.ActiveCfg = Release|Win32
		{6A08E482-B7F7-434E-B460-01735F7529F6}.Release|x86.Build.0 = Release|Win32
	EndGlobalSection
	GlobalSection(SolutionProperties) = preSolution
		HideSolutionNode = FALSE
	EndGlobalSection
	GlobalSection(ExtensibilityGlobals) = postSolution
		SolutionGuid = {CEF5C715-07A0-4295-A231-50D374254BAD}
	EndGlobalSection
EndGlobal
