
Microsoft Visual Studio Solution File, Format Version 12.00
# Visual Studio 15
VisualStudioVersion = 15.0.27130.2010
MinimumVisualStudioVersion = 10.0.40219.1
Project("{8BC9CEB8-8B4A-11D0-8D11-00A0C91BC942}") = "ErodeAndDilate", "ErodeAndDilate\ErodeAndDilate.vcxproj", "{A98A9234-5E73-45D6-BF09-87798DCEBCF1}"
EndProject
Global
	GlobalSection(SolutionConfigurationPlatforms) = preSolution
		Debug|x64 = Debug|x64
		Debug|x86 = Debug|x86
		Release|x64 = Release|x64
		Release|x86 = Release|x86
	EndGlobalSection
	GlobalSection(ProjectConfigurationPlatforms) = postSolution
		{A98A9234-5E73-45D6-BF09-87798DCEBCF1}.Debug|x64.ActiveCfg = Debug|x64
		{A98A9234-5E73-45D6-BF09-87798DCEBCF1}.Debug|x64.Build.0 = Debug|x64
		{A98A9234-5E73-45D6-BF09-87798DCEBCF1}.Debug|x86.ActiveCfg = Debug|Win32
		{A98A9234-5E73-45D6-BF09-87798DCEBCF1}.Debug|x86.Build.0 = Debug|Win32
		{A98A9234-5E73-45D6-BF09-87798DCEBCF1}.Release|x64.ActiveCfg = Release|x64
		{A98A9234-5E73-45D6-BF09-87798DCEBCF1}.Release|x64.Build.0 = Release|x64
		{A98A9234-5E73-45D6-BF09-87798DCEBCF1}.Release|x86.ActiveCfg = Release|Win32
		{A98A9234-5E73-45D6-BF09-87798DCEBCF1}.Release|x86.Build.0 = Release|Win32
	EndGlobalSection
	GlobalSection(SolutionProperties) = preSolution
		HideSolutionNode = FALSE
	EndGlobalSection
	GlobalSection(ExtensibilityGlobals) = postSolution
		SolutionGuid = {CEF5C715-07A0-4295-A231-50D374254BAD}
	EndGlobalSection
EndGlobal
